{
  "name": "web3-1.0.0",
  "version": "1.0.0",
  "lockfileVersion": 1,
  "requires": true,
  "dependencies": {
    "bn.js": {
      "version": "5.0.0",
      "resolved": "https://registry.npmjs.org/bn.js/-/bn.js-5.0.0.tgz",
      "integrity": "sha512-bVwDX8AF+72fIUNuARelKAlQUNtPOfG2fRxorbVvFk4zpHbqLrPdOGfVg5vrKwVzLLePqPBiATaOZNELQzmS0A=="
    }
  }
}
