# THIS IS AN AUTOGENERATED FILE. DO NOT EDIT THIS FILE DIRECTLY.
# yarn lockfile v1


"@ethersproject/abi@5.0.7", "@ethersproject/abi@^5.0.5":
  version "5.0.7"
  resolved "https://registry.yarnpkg.com/@ethersproject/abi/-/abi-5.0.7.tgz#79e52452bd3ca2956d0e1c964207a58ad1a0ee7b"
  integrity sha512-Cqktk+hSIckwP/W8O47Eef60VwmoSC/L3lY0+dIBhQPCNn9E4V7rwmm2aFrNRRDJfFlGuZ1khkQUOc3oBX+niw==
  dependencies:
    "@ethersproject/address" "^5.0.4"
    "@ethersproject/bignumber" "^5.0.7"
    "@ethersproject/bytes" "^5.0.4"
    "@ethersproject/constants" "^5.0.4"
    "@ethersproject/hash" "^5.0.4"
    "@ethersproject/keccak256" "^5.0.3"
    "@ethersproject/logger" "^5.0.5"
    "@ethersproject/properties" "^5.0.3"
    "@ethersproject/strings" "^5.0.4"

"@ethersproject/abstract-provider@5.0.5", "@ethersproject/abstract-provider@^5.0.4":
  version "5.0.5"
  resolved "https://registry.yarnpkg.com/@ethersproject/abstract-provider/-/abstract-provider-5.0.5.tgz#797a32a8707830af1ad8f833e9c228994d5572b9"
  integrity sha512-i/CjElAkzV7vQBAeoz+IpjGfcFYEP9eD7j3fzZ0fzTq03DO7PPnR+xkEZ1IoDXGwDS+55aLM1xvLDwB/Lx6IOQ==
  dependencies:
    "@ethersproject/bignumber" "^5.0.7"
    "@ethersproject/bytes" "^5.0.4"
    "@ethersproject/logger" "^5.0.5"
    "@ethersproject/networks" "^5.0.3"
    "@ethersproject/properties" "^5.0.3"
    "@ethersproject/transactions" "^5.0.5"
    "@ethersproject/web" "^5.0.6"

"@ethersproject/abstract-signer@5.0.7", "@ethersproject/abstract-signer@^5.0.4", "@ethersproject/abstract-signer@^5.0.6":
  version "5.0.7"
  resolved "https://registry.yarnpkg.com/@ethersproject/abstract-signer/-/abstract-signer-5.0.7.tgz#cdbd3bd479edf77c71b7f6a6156b0275b1176ded"
  integrity sha512-8W8gy/QutEL60EoMEpvxZ8MFAEWs/JvH5nmZ6xeLXoZvmBCasGmxqHdYjo2cxg0nevkPkq9SeenSsBBZSCx+SQ==
  dependencies:
    "@ethersproject/abstract-provider" "^5.0.4"
    "@ethersproject/bignumber" "^5.0.7"
    "@ethersproject/bytes" "^5.0.4"
    "@ethersproject/logger" "^5.0.5"
    "@ethersproject/properties" "^5.0.3"

"@ethersproject/address@5.0.5", "@ethersproject/address@^5.0.4", "@ethersproject/address@^5.0.5":
  version "5.0.5"
  resolved "https://registry.yarnpkg.com/@ethersproject/address/-/address-5.0.5.tgz#2caa65f6b7125015395b1b54c985ee0b27059cc7"
  integrity sha512-DpkQ6rwk9jTefrRsJzEm6nhRiJd9pvhn1xN0rw5N/jswXG5r7BLk/GVA0mMAVWAsYfvi2xSc5L41FMox43RYEA==
  dependencies:
    "@ethersproject/bignumber" "^5.0.7"
    "@ethersproject/bytes" "^5.0.4"
    "@ethersproject/keccak256" "^5.0.3"
    "@ethersproject/logger" "^5.0.5"
    "@ethersproject/rlp" "^5.0.3"
    bn.js "^4.4.0"

"@ethersproject/base64@5.0.4", "@ethersproject/base64@^5.0.3":
  version "5.0.4"
  resolved "https://registry.yarnpkg.com/@ethersproject/base64/-/base64-5.0.4.tgz#b0d8fdbf3dda977cf546dcd35725a7b1d5256caa"
  integrity sha512-4KRykQ7BQMeOXfvio1YITwHjxwBzh92UoXIdzxDE1p53CK28bbHPdsPNYo0wl0El7lJAMpT2SOdL0hhbWRnyIA==
  dependencies:
    "@ethersproject/bytes" "^5.0.4"

"@ethersproject/basex@5.0.4", "@ethersproject/basex@^5.0.3":
  version "5.0.4"
  resolved "https://registry.yarnpkg.com/@ethersproject/basex/-/basex-5.0.4.tgz#93e1cd11f9a47281da2389de24f88e13e9d90847"
  integrity sha512-ixIr/kKiAoSzOnSc777AGIOAhKai5Ivqr4HO/Gz+YG+xkfv6kqD6AW4ga9vM20Wwb0QBhh3LoRWTu4V1K+x9Ew==
  dependencies:
    "@ethersproject/bytes" "^5.0.4"
    "@ethersproject/properties" "^5.0.3"

"@ethersproject/bignumber@5.0.8", "@ethersproject/bignumber@^5.0.7", "@ethersproject/bignumber@^5.0.8":
  version "5.0.8"
  resolved "https://registry.yarnpkg.com/@ethersproject/bignumber/-/bignumber-5.0.8.tgz#cee33bd8eb0266176def0d371b45274b1d2c4ec0"
  integrity sha512-KXFVAFKS1jdTXYN8BE5Oj+ZfPMh28iRdFeNGBVT6cUFdtiPVqeXqc0ggvBqA3A1VoFFGgM7oAeaagA393aORHA==
  dependencies:
    "@ethersproject/bytes" "^5.0.4"
    "@ethersproject/logger" "^5.0.5"
    bn.js "^4.4.0"

"@ethersproject/bytes@5.0.5", "@ethersproject/bytes@^5.0.4":
  version "5.0.5"
  resolved "https://registry.yarnpkg.com/@ethersproject/bytes/-/bytes-5.0.5.tgz#688b70000e550de0c97a151a21f15b87d7f97d7c"
  integrity sha512-IEj9HpZB+ACS6cZ+QQMTqmu/cnUK2fYNE6ms/PVxjoBjoxc6HCraLpam1KuRvreMy0i523PLmjN8OYeikRdcUQ==
  dependencies:
    "@ethersproject/logger" "^5.0.5"

"@ethersproject/constants@5.0.5", "@ethersproject/constants@^5.0.4":
  version "5.0.5"
  resolved "https://registry.yarnpkg.com/@ethersproject/constants/-/constants-5.0.5.tgz#0ed19b002e8404bdf6d135234dc86a7d9bcf9b71"
  integrity sha512-foaQVmxp2+ik9FrLUCtVrLZCj4M3Ibgkqvh+Xw/vFRSerkjVSYePApaVE5essxhoSlF1U9oXfWY09QI2AXtgKA==
  dependencies:
    "@ethersproject/bignumber" "^5.0.7"

"@ethersproject/contracts@5.0.5":
  version "5.0.5"
  resolved "https://registry.yarnpkg.com/@ethersproject/contracts/-/contracts-5.0.5.tgz#64831a341ec8ca225e83ff3e9437c26b970fd5d7"
  integrity sha512-tFI255lFbmbqMkgnuyhDWHl3yWqttPlReplYuVvDCT/SuvBjLR4ad2uipBlh1fh5X1ipK9ettAoV4S0HKim4Kw==
  dependencies:
    "@ethersproject/abi" "^5.0.5"
    "@ethersproject/abstract-provider" "^5.0.4"
    "@ethersproject/abstract-signer" "^5.0.4"
    "@ethersproject/address" "^5.0.4"
    "@ethersproject/bignumber" "^5.0.7"
    "@ethersproject/bytes" "^5.0.4"
    "@ethersproject/constants" "^5.0.4"
    "@ethersproject/logger" "^5.0.5"
    "@ethersproject/properties" "^5.0.3"

"@ethersproject/hash@5.0.6", "@ethersproject/hash@^5.0.4":
  version "5.0.6"
  resolved "https://registry.yarnpkg.com/@ethersproject/hash/-/hash-5.0.6.tgz#2a2e8a1470685421217e9e86e9971ca636e609ce"
  integrity sha512-Gvh57v6BWhwnud6l7tMfQm32PRQ2DYx2WaAAQmAxAfYvmzUkpQCBstnGeNMXIL8/2wdkvcB2u+WZRWaZtsFuUQ==
  dependencies:
    "@ethersproject/abstract-signer" "^5.0.6"
    "@ethersproject/address" "^5.0.5"
    "@ethersproject/bignumber" "^5.0.8"
    "@ethersproject/bytes" "^5.0.4"
    "@ethersproject/keccak256" "^5.0.3"
    "@ethersproject/logger" "^5.0.5"
    "@ethersproject/properties" "^5.0.4"
    "@ethersproject/strings" "^5.0.4"

"@ethersproject/hdnode@5.0.5", "@ethersproject/hdnode@^5.0.4":
  version "5.0.5"
  resolved "https://registry.yarnpkg.com/@ethersproject/hdnode/-/hdnode-5.0.5.tgz#1f89aad0a5ba9dfae3a85a36e0669f8bc7a74781"
  integrity sha512-Ho4HZaK+KijE5adayvjAGusWMnT0mgwGa5hGMBofBOgX9nqiKf6Wxx68SXBGI1/L3rmKo6mlAjxUd8gefs0teQ==
  dependencies:
    "@ethersproject/abstract-signer" "^5.0.4"
    "@ethersproject/basex" "^5.0.3"
    "@ethersproject/bignumber" "^5.0.7"
    "@ethersproject/bytes" "^5.0.4"
    "@ethersproject/logger" "^5.0.5"
    "@ethersproject/pbkdf2" "^5.0.3"
    "@ethersproject/properties" "^5.0.3"
    "@ethersproject/sha2" "^5.0.3"
    "@ethersproject/signing-key" "^5.0.4"
    "@ethersproject/strings" "^5.0.4"
    "@ethersproject/transactions" "^5.0.5"
    "@ethersproject/wordlists" "^5.0.4"

"@ethersproject/json-wallets@5.0.7", "@ethersproject/json-wallets@^5.0.6":
  version "5.0.7"
  resolved "https://registry.yarnpkg.com/@ethersproject/json-wallets/-/json-wallets-5.0.7.tgz#4c48753b38ce7bce23a55f25c23f24617cf560e5"
  integrity sha512-dgOn9JtGgjT28mDXs4LYY2rT4CzS6bG/rxoYuPq3TLHIf6nmvBcr33Fee6RrM/y8UAx4gyIkf6wb2cXsOctvQQ==
  dependencies:
    "@ethersproject/abstract-signer" "^5.0.4"
    "@ethersproject/address" "^5.0.4"
    "@ethersproject/bytes" "^5.0.4"
    "@ethersproject/hdnode" "^5.0.4"
    "@ethersproject/keccak256" "^5.0.3"
    "@ethersproject/logger" "^5.0.5"
    "@ethersproject/pbkdf2" "^5.0.3"
    "@ethersproject/properties" "^5.0.3"
    "@ethersproject/random" "^5.0.3"
    "@ethersproject/strings" "^5.0.4"
    "@ethersproject/transactions" "^5.0.5"
    aes-js "3.0.0"
    scrypt-js "3.0.1"

"@ethersproject/keccak256@5.0.4", "@ethersproject/keccak256@^5.0.3":
  version "5.0.4"
  resolved "https://registry.yarnpkg.com/@ethersproject/keccak256/-/keccak256-5.0.4.tgz#36ca0a7d1ae2a272da5654cb886776d0c680ef3a"
  integrity sha512-GNpiOUm9PGUxFNqOxYKDQBM0u68bG9XC9iOulEQ8I0tOx/4qUpgVzvgXL6ugxr0RY554Gz/NQsVqknqPzUcxpQ==
  dependencies:
    "@ethersproject/bytes" "^5.0.4"
    js-sha3 "0.5.7"

"@ethersproject/logger@5.0.6", "@ethersproject/logger@^5.0.5":
  version "5.0.6"
  resolved "https://registry.yarnpkg.com/@ethersproject/logger/-/logger-5.0.6.tgz#faa484203e86e08be9e07fef826afeef7183fe88"
  integrity sha512-FrX0Vnb3JZ1md/7GIZfmJ06XOAA8r3q9Uqt9O5orr4ZiksnbpXKlyDzQtlZ5Yv18RS8CAUbiKH9vwidJg1BPmQ==

"@ethersproject/networks@5.0.4", "@ethersproject/networks@^5.0.3":
  version "5.0.4"
  resolved "https://registry.yarnpkg.com/@ethersproject/networks/-/networks-5.0.4.tgz#6d320a5e15a0cda804f5da88be0ba846156f6eec"
  integrity sha512-/wHDTRms5mpJ09BoDrbNdFWINzONe05wZRgohCXvEv39rrH/Gd/yAnct8wC0RsW3tmFOgjgQxuBvypIxuUynTw==
  dependencies:
    "@ethersproject/logger" "^5.0.5"

"@ethersproject/pbkdf2@5.0.4", "@ethersproject/pbkdf2@^5.0.3":
  version "5.0.4"
  resolved "https://registry.yarnpkg.com/@ethersproject/pbkdf2/-/pbkdf2-5.0.4.tgz#a0841d53f5ce9a2b52a65a349d2dc15910b0a767"
  integrity sha512-9jVBjHXQKfr9+3bkCg01a8Cd1H9e+7Kw3ZMIvAxD0lZtuzrXsJxm1hVwY9KA+PRUvgS/9tTP4viXQYwLAax7zg==
  dependencies:
    "@ethersproject/bytes" "^5.0.4"
    "@ethersproject/sha2" "^5.0.3"

"@ethersproject/properties@5.0.4", "@ethersproject/properties@^5.0.3", "@ethersproject/properties@^5.0.4":
  version "5.0.4"
  resolved "https://registry.yarnpkg.com/@ethersproject/properties/-/properties-5.0.4.tgz#a67a1f5a52c30850b5062c861631e73d131f666e"
  integrity sha512-UdyX3GqBxFt15B0uSESdDNmhvEbK3ACdDXl2soshoPcneXuTswHDeA0LoPlnaZzhbgk4p6jqb4GMms5C26Qu6A==
  dependencies:
    "@ethersproject/logger" "^5.0.5"

"@ethersproject/providers@5.0.14":
  version "5.0.14"
  resolved "https://registry.yarnpkg.com/@ethersproject/providers/-/providers-5.0.14.tgz#751ccb14b4a8c8e9e4be171818c23f4601be90ba"
  integrity sha512-K9QRRkkHWyprm3g4L8U9aPx5uyivznL4RYemkN2shCQumyGqFJ5SO+OtQrgebVm0JpGwFAUGugnhRUh49sjErw==
  dependencies:
    "@ethersproject/abstract-provider" "^5.0.4"
    "@ethersproject/abstract-signer" "^5.0.4"
    "@ethersproject/address" "^5.0.4"
    "@ethersproject/basex" "^5.0.3"
    "@ethersproject/bignumber" "^5.0.7"
    "@ethersproject/bytes" "^5.0.4"
    "@ethersproject/constants" "^5.0.4"
    "@ethersproject/hash" "^5.0.4"
    "@ethersproject/logger" "^5.0.5"
    "@ethersproject/networks" "^5.0.3"
    "@ethersproject/properties" "^5.0.3"
    "@ethersproject/random" "^5.0.3"
    "@ethersproject/rlp" "^5.0.3"
    "@ethersproject/sha2" "^5.0.3"
    "@ethersproject/strings" "^5.0.4"
    "@ethersproject/transactions" "^5.0.5"
    "@ethersproject/web" "^5.0.6"
    bech32 "1.1.4"
    ws "7.2.3"

"@ethersproject/random@5.0.4", "@ethersproject/random@^5.0.3":
  version "5.0.4"
  resolved "https://registry.yarnpkg.com/@ethersproject/random/-/random-5.0.4.tgz#98f7cf65b0e588cec39ef24843e391ed5004556f"
  integrity sha512-AIZJhqs6Ba4/+U3lOjt3QZbP6b/kuuGLJUYFUonAgWmkTHwqsCwYnFvnHKQSUuHbXHvErp7WFXFlztx+yMn3kQ==
  dependencies:
    "@ethersproject/bytes" "^5.0.4"
    "@ethersproject/logger" "^5.0.5"

"@ethersproject/rlp@5.0.4", "@ethersproject/rlp@^5.0.3":
  version "5.0.4"
  resolved "https://registry.yarnpkg.com/@ethersproject/rlp/-/rlp-5.0.4.tgz#0090a0271e84ea803016a112a79f5cfd80271a77"
  integrity sha512-5qrrZad7VTjofxSsm7Zg/7Dr4ZOln4S2CqiDdOuTv6MBKnXj0CiBojXyuDy52M8O3wxH0CyE924hXWTDV1PQWQ==
  dependencies:
    "@ethersproject/bytes" "^5.0.4"
    "@ethersproject/logger" "^5.0.5"

"@ethersproject/sha2@5.0.4", "@ethersproject/sha2@^5.0.3":
  version "5.0.4"
  resolved "https://registry.yarnpkg.com/@ethersproject/sha2/-/sha2-5.0.4.tgz#40f639721a27dbe034b3dee021ba20b054586fec"
  integrity sha512-0yFhf1mspxAfWdXXoPtK94adUeu1R7/FzAa+DfEiZTc76sz/vHXf0LSIazoR3znYKFny6haBxME+usbvvEcF3A==
  dependencies:
    "@ethersproject/bytes" "^5.0.4"
    "@ethersproject/logger" "^5.0.5"
    hash.js "1.1.3"

"@ethersproject/signing-key@5.0.5", "@ethersproject/signing-key@^5.0.4":
  version "5.0.5"
  resolved "https://registry.yarnpkg.com/@ethersproject/signing-key/-/signing-key-5.0.5.tgz#acfd06fc05a14180df7e027688bbd23fc4baf782"
  integrity sha512-Z1wY7JC1HVO4CvQWY2TyTTuAr8xK3bJijZw1a9G92JEmKdv1j255R/0YLBBcFTl2J65LUjtXynNJ2GbArPGi5g==
  dependencies:
    "@ethersproject/bytes" "^5.0.4"
    "@ethersproject/logger" "^5.0.5"
    "@ethersproject/properties" "^5.0.3"
    elliptic "6.5.3"

"@ethersproject/solidity@5.0.5":
  version "5.0.5"
  resolved "https://registry.yarnpkg.com/@ethersproject/solidity/-/solidity-5.0.5.tgz#97a7d8a67f2d944f208c948fed0d565512bcc2be"
  integrity sha512-DMFQ0ouXmNVoKWbGEUFGi8Urli4SJip9jXafQyFHWPRr5oJUqDVkNfwcyC37k+mhBG93k7qrYXCH2xJnGEOxHg==
  dependencies:
    "@ethersproject/bignumber" "^5.0.7"
    "@ethersproject/bytes" "^5.0.4"
    "@ethersproject/keccak256" "^5.0.3"
    "@ethersproject/sha2" "^5.0.3"
    "@ethersproject/strings" "^5.0.4"

"@ethersproject/strings@5.0.5", "@ethersproject/strings@^5.0.4":
  version "5.0.5"
  resolved "https://registry.yarnpkg.com/@ethersproject/strings/-/strings-5.0.5.tgz#ed7e99a282a02f40757691b04a24cd83f3752195"
  integrity sha512-JED6WaIV00xM/gvj8vSnd+0VWtDYdidTmavFRCTQakqfz+4tDo6Jz5LHgG+dd45h7ah7ykCHW0C7ZXWEDROCXQ==
  dependencies:
    "@ethersproject/bytes" "^5.0.4"
    "@ethersproject/constants" "^5.0.4"
    "@ethersproject/logger" "^5.0.5"

"@ethersproject/transactions@5.0.6", "@ethersproject/transactions@^5.0.5":
  version "5.0.6"
  resolved "https://registry.yarnpkg.com/@ethersproject/transactions/-/transactions-5.0.6.tgz#b8b27938be6e9ed671dbdd35fe98af8b14d0df7c"
  integrity sha512-htsFhOD+NMBxx676A8ehSuwVV49iqpSB+CkjPZ02tpNew0K6p8g0CZ46Z1ZP946gIHAU80xQ0NACHYrjIUaCFA==
  dependencies:
    "@ethersproject/address" "^5.0.4"
    "@ethersproject/bignumber" "^5.0.7"
    "@ethersproject/bytes" "^5.0.4"
    "@ethersproject/constants" "^5.0.4"
    "@ethersproject/keccak256" "^5.0.3"
    "@ethersproject/logger" "^5.0.5"
    "@ethersproject/properties" "^5.0.3"
    "@ethersproject/rlp" "^5.0.3"
    "@ethersproject/signing-key" "^5.0.4"

"@ethersproject/units@5.0.6":
  version "5.0.6"
  resolved "https://registry.yarnpkg.com/@ethersproject/units/-/units-5.0.6.tgz#e1169ecffb7e8d5eab84e1481a4e35df19045708"
  integrity sha512-tsJuy4mipppdmooukRfhXt8fGx9nxvfvG6Xdy0RDm7LzHsjghjwQ69m2bCpId6SDSR1Uq1cQ9irPiUBSyWolUA==
  dependencies:
    "@ethersproject/bignumber" "^5.0.7"
    "@ethersproject/constants" "^5.0.4"
    "@ethersproject/logger" "^5.0.5"

"@ethersproject/wallet@5.0.7":
  version "5.0.7"
  resolved "https://registry.yarnpkg.com/@ethersproject/wallet/-/wallet-5.0.7.tgz#9d4540f97d534e3d61548ace30f15857209b3f02"
  integrity sha512-n2GX1+2Tc0qV8dguUcLkjNugINKvZY7u/5fEsn0skW9rz5+jHTR5IKMV6jSfXA+WjQT8UCNMvkI3CNcdhaPbTQ==
  dependencies:
    "@ethersproject/abstract-provider" "^5.0.4"
    "@ethersproject/abstract-signer" "^5.0.4"
    "@ethersproject/address" "^5.0.4"
    "@ethersproject/bignumber" "^5.0.7"
    "@ethersproject/bytes" "^5.0.4"
    "@ethersproject/hash" "^5.0.4"
    "@ethersproject/hdnode" "^5.0.4"
    "@ethersproject/json-wallets" "^5.0.6"
    "@ethersproject/keccak256" "^5.0.3"
    "@ethersproject/logger" "^5.0.5"
    "@ethersproject/properties" "^5.0.3"
    "@ethersproject/random" "^5.0.3"
    "@ethersproject/signing-key" "^5.0.4"
    "@ethersproject/transactions" "^5.0.5"
    "@ethersproject/wordlists" "^5.0.4"

"@ethersproject/web@5.0.9", "@ethersproject/web@^5.0.6":
  version "5.0.9"
  resolved "https://registry.yarnpkg.com/@ethersproject/web/-/web-5.0.9.tgz#b08f8295f4bfd4777c8723fe9572f5453b9f03cb"
  integrity sha512-//QNlv1MSkOII1hv3+HQwWoiVFS+BMVGI0KYeUww4cyrEktnx1QIez5bTSab9s9fWTFaWKNmQNBwMbxAqPuYDw==
  dependencies:
    "@ethersproject/base64" "^5.0.3"
    "@ethersproject/bytes" "^5.0.4"
    "@ethersproject/logger" "^5.0.5"
    "@ethersproject/properties" "^5.0.3"
    "@ethersproject/strings" "^5.0.4"

"@ethersproject/wordlists@5.0.5", "@ethersproject/wordlists@^5.0.4":
  version "5.0.5"
  resolved "https://registry.yarnpkg.com/@ethersproject/wordlists/-/wordlists-5.0.5.tgz#a935b7fdb86c96b44ea8391fed94b3fa2f33c606"
  integrity sha512-XA3ycFltVrCTQt04w5nHu3Xq5Z6HjqWsXaAYQHFdqtugyUsIumaO9S5MOwFFuUYTNkZUoT3jCRa/OBS+K4tLfA==
  dependencies:
    "@ethersproject/bytes" "^5.0.4"
    "@ethersproject/hash" "^5.0.4"
    "@ethersproject/logger" "^5.0.5"
    "@ethersproject/properties" "^5.0.3"
    "@ethersproject/strings" "^5.0.4"

"@typechain/ethers-v5@^3.0.0":
  version "3.0.0"
  resolved "https://registry.yarnpkg.com/@typechain/ethers-v5/-/ethers-v5-3.0.0.tgz#584dcf3912257b8b9c785a92a51e70698e9187d9"
  integrity sha512-hBYYsI2NMLbX7Y6PZWY0DvjfIwSC76aCN4LCUOZswFn6uUeXwQTouC8rYsQh5Kqx4OzRmSmOVA5pmWtvf0d0mQ==

"@types/bn.js@^4.11.6":
  version "4.11.6"
  resolved "https://registry.yarnpkg.com/@types/bn.js/-/bn.js-4.11.6.tgz#c306c70d9358aaea33cd4eda092a742b9505967c"
  integrity sha512-pqr857jrp2kPuO9uRjZ3PwnJTjoQy+fcdxvBTvHm6dkmEL9q+hDD/2j/0ELOBPtPnS8LjCX0gI9nbl8lVkadpg==
  dependencies:
    "@types/node" "*"

"@types/mkdirp@^0.5.2":
  version "0.5.2"
  resolved "https://registry.yarnpkg.com/@types/mkdirp/-/mkdirp-0.5.2.tgz#503aacfe5cc2703d5484326b1b27efa67a339c1f"
  integrity sha512-U5icWpv7YnZYGsN4/cmh3WD2onMY0aJIiTE6+51TwJCttdHvtCYmkBNOobHlXwrJRL0nkH9jH4kD+1FAdMN4Tg==
  dependencies:
    "@types/node" "*"

"@types/node@*":
  version "13.11.1"
  resolved "https://registry.yarnpkg.com/@types/node/-/node-13.11.1.tgz#49a2a83df9d26daacead30d0ccc8762b128d53c7"
  integrity sha512-eWQGP3qtxwL8FGneRrC5DwrJLGN4/dH1clNTuLfN81HCrxVtxRjygDTUoZJ5ASlDEeo0ppYFQjQIlXhtXpOn6g==

"@types/prettier@^2.1.1":
  version "2.1.5"
  resolved "https://registry.yarnpkg.com/@types/prettier/-/prettier-2.1.5.tgz#b6ab3bba29e16b821d84e09ecfaded462b816b00"
  integrity sha512-UEyp8LwZ4Dg30kVU2Q3amHHyTn1jEdhCIE59ANed76GaT1Vp76DD3ZWSAxgCrw6wJ0TqeoBpqmfUHiUDPs//HQ==

"@types/resolve@^0.0.8":
  version "0.0.8"
  resolved "https://registry.yarnpkg.com/@types/resolve/-/resolve-0.0.8.tgz#f26074d238e02659e323ce1a13d041eee280e194"
  integrity sha512-auApPaJf3NPfe18hSoJkp8EbZzer2ISk7o8mCC3M9he/a04+gbMF97NkpD2S8riMGvm4BMRI59/SZQSaLTKpsQ==
  dependencies:
    "@types/node" "*"

aes-js@3.0.0:
  version "3.0.0"
  resolved "https://registry.yarnpkg.com/aes-js/-/aes-js-3.0.0.tgz#e21df10ad6c2053295bcbb8dab40b09dbea87e4d"
  integrity sha1-4h3xCtbCBTKVvLuNq0Cwnb6ofk0=

ansi-styles@^3.2.1:
  version "3.2.1"
  resolved "https://registry.yarnpkg.com/ansi-styles/-/ansi-styles-3.2.1.tgz#41fbb20243e50b12be0f04b8dedbf07520ce841d"
  integrity sha512-VT0ZI6kZRdTh8YyJw3SMbYm/u+NqfsAxEpWO0Pf9sq8/e94WxxOpPKx9FR1FlyCtOVDNOQ+8ntlqFxiRc+r5qA==
  dependencies:
    color-convert "^1.9.0"

arg@^4.1.0:
  version "4.1.3"
  resolved "https://registry.yarnpkg.com/arg/-/arg-4.1.3.tgz#269fc7ad5b8e42cb63c896d5666017261c144089"
  integrity sha512-58S9QDqG0Xx27YwPSt9fJxivjYl432YCwfDMfZ+71RAqUrZef7LrKQZ3LHLOwCS4FLNBplP533Zx895SeOCHvA==

array-back@^1.0.3, array-back@^1.0.4:
  version "1.0.4"
  resolved "https://registry.yarnpkg.com/array-back/-/array-back-1.0.4.tgz#644ba7f095f7ffcf7c43b5f0dc39d3c1f03c063b"
  integrity sha1-ZEun8JX3/898Q7Xw3DnTwfA8Bjs=
  dependencies:
    typical "^2.6.0"

array-back@^2.0.0:
  version "2.0.0"
  resolved "https://registry.yarnpkg.com/array-back/-/array-back-2.0.0.tgz#6877471d51ecc9c9bfa6136fb6c7d5fe69748022"
  integrity sha512-eJv4pLLufP3g5kcZry0j6WXpIbzYw9GUB4mVJZno9wfwiBxbizTnHCw3VJb07cBihbFX48Y7oSrW9y+gt4glyw==
  dependencies:
    typical "^2.6.1"

balanced-match@^1.0.0:
  version "1.0.0"
  resolved "https://registry.yarnpkg.com/balanced-match/-/balanced-match-1.0.0.tgz#89b4d199ab2bee49de164ea02b89ce462d71b767"
  integrity sha1-ibTRmasr7kneFk6gK4nORi1xt2c=

bech32@1.1.4:
  version "1.1.4"
  resolved "https://registry.yarnpkg.com/bech32/-/bech32-1.1.4.tgz#e38c9f37bf179b8eb16ae3a772b40c356d4832e9"
  integrity sha512-s0IrSOzLlbvX7yp4WBfPITzpAU8sqQcpsmwXDiKwrG4r491vwCO/XpejasRNl0piBMe/DvP4Tz0mIS/X1DPJBQ==

bn.js@^4.4.0:
  version "4.11.8"
  resolved "https://registry.yarnpkg.com/bn.js/-/bn.js-4.11.8.tgz#2cde09eb5ee341f484746bb0309b3253b1b1442f"
  integrity sha512-ItfYfPLkWHUjckQCk8xC+LwxgK8NYcXywGigJgSwOP8Y2iyWT4f2vsZnoOXTTbo+o5yXmIUJ4gn5538SO5S3gA==

brace-expansion@^1.1.7:
  version "1.1.11"
  resolved "https://registry.yarnpkg.com/brace-expansion/-/brace-expansion-1.1.11.tgz#3c7fcbf529d87226f3d2f52b966ff5271eb441dd"
  integrity sha512-iCuPHDFgrHX7H2vEI/5xpz07zSHB00TpugqhmYtVmMO6518mCuRMoOYFldEBl0g187ufozdaHgWKcYFb61qGiA==
  dependencies:
    balanced-match "^1.0.0"
    concat-map "0.0.1"

brorand@^1.0.1:
  version "1.1.0"
  resolved "https://registry.yarnpkg.com/brorand/-/brorand-1.1.0.tgz#12c25efe40a45e3c323eb8675a0a0ce57b22371f"
  integrity sha1-EsJe/kCkXjwyPrhnWgoM5XsiNx8=

buffer-from@^1.0.0:
  version "1.1.1"
  resolved "https://registry.yarnpkg.com/buffer-from/-/buffer-from-1.1.1.tgz#32713bc028f75c02fdb710d7c7bcec1f2c6070ef"
  integrity sha512-MQcXEUbCKtEo7bhqEs6560Hyd4XaovZlO/k9V3hjVUF/zwW7KBVdSK4gIt/bzwS9MbR5qob+F5jusZsb0YQK2A==

chalk@^2.4.1:
  version "2.4.2"
  resolved "https://registry.yarnpkg.com/chalk/-/chalk-2.4.2.tgz#cd42541677a54333cf541a49108c1432b44c9424"
  integrity sha512-Mti+f9lpJNcwF4tWV8/OrTTtF1gZi+f8FqlyAdouralcFWFQWF2+NgCHShjkCb+IFBLq9buZwE1xckQU4peSuQ==
  dependencies:
    ansi-styles "^3.2.1"
    escape-string-regexp "^1.0.5"
    supports-color "^5.3.0"

color-convert@^1.9.0:
  version "1.9.3"
  resolved "https://registry.yarnpkg.com/color-convert/-/color-convert-1.9.3.tgz#bb71850690e1f136567de629d2d5471deda4c1e8"
  integrity sha512-QfAUtd+vFdAtFQcC8CCyYt1fYWxSqAiK2cSD6zDB8N3cpsEBAvRxp9zOGg6G/SHHJYAT88/az/IuDGALsNVbGg==
  dependencies:
    color-name "1.1.3"

color-name@1.1.3:
  version "1.1.3"
  resolved "https://registry.yarnpkg.com/color-name/-/color-name-1.1.3.tgz#a7d0558bd89c42f795dd42328f740831ca53bc25"
  integrity sha1-p9BVi9icQveV3UIyj3QIMcpTvCU=

command-line-args@^4.0.7:
  version "4.0.7"
  resolved "https://registry.yarnpkg.com/command-line-args/-/command-line-args-4.0.7.tgz#f8d1916ecb90e9e121eda6428e41300bfb64cc46"
  integrity sha512-aUdPvQRAyBvQd2n7jXcsMDz68ckBJELXNzBybCHOibUWEg0mWTnaYCSRU8h9R+aNRSvDihJtssSRCiDRpLaezA==
  dependencies:
    array-back "^2.0.0"
    find-replace "^1.0.3"
    typical "^2.6.1"

concat-map@0.0.1:
  version "0.0.1"
  resolved "https://registry.yarnpkg.com/concat-map/-/concat-map-0.0.1.tgz#d8a96bd77fd68df7793a73036a3ba0d5405d477b"
  integrity sha1-2Klr13/Wjfd5OnMDajug1UBdR3s=

debug@^4.1.1:
  version "4.1.1"
  resolved "https://registry.yarnpkg.com/debug/-/debug-4.1.1.tgz#3b72260255109c6b589cee050f1d516139664791"
  integrity sha512-pYAIzeRo8J6KPEaJ0VWOh5Pzkbw/RetuzehGM7QRRX5he4fPHx2rdKMB256ehJCkX+XRQm16eZLqLNS8RSZXZw==
  dependencies:
    ms "^2.1.1"

diff@^4.0.1:
  version "4.0.2"
  resolved "https://registry.yarnpkg.com/diff/-/diff-4.0.2.tgz#60f3aecb89d5fae520c11aa19efc2bb982aade7d"
  integrity sha512-58lmxKSA4BNyLz+HHMUzlOEpg09FV+ev6ZMe3vJihgdxzgcwZ8VoEEPmALCZG9LmqfVoNMMKpttIYTVG6uDY7A==

elliptic@6.5.3:
  version "6.5.3"
  resolved "https://registry.yarnpkg.com/elliptic/-/elliptic-6.5.3.tgz#cb59eb2efdaf73a0bd78ccd7015a62ad6e0f93d6"
  integrity sha512-IMqzv5wNQf+E6aHeIqATs0tOLeOTwj1QKbRcS3jBbYkl5oLAserA8yJTT7/VyHUYG91PRmPyeQDObKLPpeS4dw==
  dependencies:
    bn.js "^4.4.0"
    brorand "^1.0.1"
    hash.js "^1.0.0"
    hmac-drbg "^1.0.0"
    inherits "^2.0.1"
    minimalistic-assert "^1.0.0"
    minimalistic-crypto-utils "^1.0.0"

escape-string-regexp@^1.0.5:
  version "1.0.5"
  resolved "https://registry.yarnpkg.com/escape-string-regexp/-/escape-string-regexp-1.0.5.tgz#1b61c0562190a8dff6ae3bb2cf0200ca130b86d4"
  integrity sha1-G2HAViGQqN/2rjuyzwIAyhMLhtQ=

ethers@^5.0.19:
  version "5.0.19"
  resolved "https://registry.yarnpkg.com/ethers/-/ethers-5.0.19.tgz#a4636f62a180135b13fd1f0a393477beafd535b7"
  integrity sha512-0AZnUgZh98q888WAd1oI3aLeI+iyDtrupjANVtPPS7O63lVopkR/No8A1NqSkgl/rU+b2iuu2mUZor6GD4RG2w==
  dependencies:
    "@ethersproject/abi" "5.0.7"
    "@ethersproject/abstract-provider" "5.0.5"
    "@ethersproject/abstract-signer" "5.0.7"
    "@ethersproject/address" "5.0.5"
    "@ethersproject/base64" "5.0.4"
    "@ethersproject/basex" "5.0.4"
    "@ethersproject/bignumber" "5.0.8"
    "@ethersproject/bytes" "5.0.5"
    "@ethersproject/constants" "5.0.5"
    "@ethersproject/contracts" "5.0.5"
    "@ethersproject/hash" "5.0.6"
    "@ethersproject/hdnode" "5.0.5"
    "@ethersproject/json-wallets" "5.0.7"
    "@ethersproject/keccak256" "5.0.4"
    "@ethersproject/logger" "5.0.6"
    "@ethersproject/networks" "5.0.4"
    "@ethersproject/pbkdf2" "5.0.4"
    "@ethersproject/properties" "5.0.4"
    "@ethersproject/providers" "5.0.14"
    "@ethersproject/random" "5.0.4"
    "@ethersproject/rlp" "5.0.4"
    "@ethersproject/sha2" "5.0.4"
    "@ethersproject/signing-key" "5.0.5"
    "@ethersproject/solidity" "5.0.5"
    "@ethersproject/strings" "5.0.5"
    "@ethersproject/transactions" "5.0.6"
    "@ethersproject/units" "5.0.6"
    "@ethersproject/wallet" "5.0.7"
    "@ethersproject/web" "5.0.9"
    "@ethersproject/wordlists" "5.0.5"

find-replace@^1.0.3:
  version "1.0.3"
  resolved "https://registry.yarnpkg.com/find-replace/-/find-replace-1.0.3.tgz#b88e7364d2d9c959559f388c66670d6130441fa0"
  integrity sha1-uI5zZNLZyVlVnziMZmcNYTBEH6A=
  dependencies:
    array-back "^1.0.4"
    test-value "^2.1.0"

fs-extra@^7.0.0:
  version "7.0.1"
  resolved "https://registry.yarnpkg.com/fs-extra/-/fs-extra-7.0.1.tgz#4f189c44aa123b895f722804f55ea23eadc348e9"
  integrity sha512-YJDaCJZEnBmcbw13fvdAM9AwNOJwOzrE4pqMqBq5nFiEqXUqHwlK4B+3pUw6JNvfSPtX05xFHtYy/1ni01eGCw==
  dependencies:
    graceful-fs "^4.1.2"
    jsonfile "^4.0.0"
    universalify "^0.1.0"

fs.realpath@^1.0.0:
  version "1.0.0"
  resolved "https://registry.yarnpkg.com/fs.realpath/-/fs.realpath-1.0.0.tgz#1504ad2523158caa40db4a2787cb01411994ea4f"
  integrity sha1-FQStJSMVjKpA20onh8sBQRmU6k8=

glob@^7.1.2:
  version "7.1.6"
  resolved "https://registry.yarnpkg.com/glob/-/glob-7.1.6.tgz#141f33b81a7c2492e125594307480c46679278a6"
  integrity sha512-LwaxwyZ72Lk7vZINtNNrywX0ZuLyStrdDtabefZKAY5ZGJhVtgdznluResxNmPitE0SAO+O26sWTHeKSI2wMBA==
  dependencies:
    fs.realpath "^1.0.0"
    inflight "^1.0.4"
    inherits "2"
    minimatch "^3.0.4"
    once "^1.3.0"
    path-is-absolute "^1.0.0"

graceful-fs@^4.1.2, graceful-fs@^4.1.6:
  version "4.2.3"
  resolved "https://registry.yarnpkg.com/graceful-fs/-/graceful-fs-4.2.3.tgz#4a12ff1b60376ef09862c2093edd908328be8423"
  integrity sha512-a30VEBm4PEdx1dRB7MFK7BejejvCvBronbLjht+sHuGYj8PHs7M/5Z+rt5lw551vZ7yfTCj4Vuyy3mSJytDWRQ==

has-flag@^3.0.0:
  version "3.0.0"
  resolved "https://registry.yarnpkg.com/has-flag/-/has-flag-3.0.0.tgz#b5d454dc2199ae225699f3467e5a07f3b955bafd"
  integrity sha1-tdRU3CGZriJWmfNGfloH87lVuv0=

hash.js@1.1.3:
  version "1.1.3"
  resolved "https://registry.yarnpkg.com/hash.js/-/hash.js-1.1.3.tgz#340dedbe6290187151c1ea1d777a3448935df846"
  integrity sha512-/UETyP0W22QILqS+6HowevwhEFJ3MBJnwTf75Qob9Wz9t0DPuisL8kW8YZMK62dHAKE1c1p+gY1TtOLY+USEHA==
  dependencies:
    inherits "^2.0.3"
    minimalistic-assert "^1.0.0"

hash.js@^1.0.0, hash.js@^1.0.3:
  version "1.1.7"
  resolved "https://registry.yarnpkg.com/hash.js/-/hash.js-1.1.7.tgz#0babca538e8d4ee4a0f8988d68866537a003cf42"
  integrity sha512-taOaskGt4z4SOANNseOviYDvjEJinIkRgmp7LbKP2YTTmVxWBl87s/uzK9r+44BclBSp2X7K1hqeNfz9JbBeXA==
  dependencies:
    inherits "^2.0.3"
    minimalistic-assert "^1.0.1"

hmac-drbg@^1.0.0:
  version "1.0.1"
  resolved "https://registry.yarnpkg.com/hmac-drbg/-/hmac-drbg-1.0.1.tgz#d2745701025a6c775a6c545793ed502fc0c649a1"
  integrity sha1-0nRXAQJabHdabFRXk+1QL8DGSaE=
  dependencies:
    hash.js "^1.0.3"
    minimalistic-assert "^1.0.0"
    minimalistic-crypto-utils "^1.0.1"

inflight@^1.0.4:
  version "1.0.6"
  resolved "https://registry.yarnpkg.com/inflight/-/inflight-1.0.6.tgz#49bd6331d7d02d0c09bc910a1075ba8165b56df9"
  integrity sha1-Sb1jMdfQLQwJvJEKEHW6gWW1bfk=
  dependencies:
    once "^1.3.0"
    wrappy "1"

inherits@2, inherits@^2.0.1, inherits@^2.0.3:
  version "2.0.4"
  resolved "https://registry.yarnpkg.com/inherits/-/inherits-2.0.4.tgz#0fa2c64f932917c3433a0ded55363aae37416b7c"
  integrity sha512-k/vGaX4/Yla3WzyMCvTQOXYeIHvqOKtnqBduzTHpzpQZzAskKMhZ2K+EnBiSM9zGSoIFeMpXKxa4dYeZIQqewQ==

js-sha3@0.5.7:
  version "0.5.7"
  resolved "https://registry.yarnpkg.com/js-sha3/-/js-sha3-0.5.7.tgz#0d4ffd8002d5333aabaf4a23eed2f6374c9f28e7"
  integrity sha1-DU/9gALVMzqrr0oj7tL2N0yfKOc=

js-sha3@^0.8.0:
  version "0.8.0"
  resolved "https://registry.yarnpkg.com/js-sha3/-/js-sha3-0.8.0.tgz#b9b7a5da73afad7dedd0f8c463954cbde6818840"
  integrity sha512-gF1cRrHhIzNfToc802P800N8PpXS+evLLXfsVpowqmAFR9uwbi89WvXg2QspOmXL8QL86J4T1EpFu+yUkwJY3Q==

jsonfile@^4.0.0:
  version "4.0.0"
  resolved "https://registry.yarnpkg.com/jsonfile/-/jsonfile-4.0.0.tgz#8771aae0799b64076b76640fca058f9c10e33ecb"
  integrity sha1-h3Gq4HmbZAdrdmQPygWPnBDjPss=
  optionalDependencies:
    graceful-fs "^4.1.6"

lodash@^4.17.15:
  version "4.17.15"
  resolved "https://registry.yarnpkg.com/lodash/-/lodash-4.17.15.tgz#b447f6670a0455bbfeedd11392eff330ea097548"
  integrity sha512-8xOcRHvCjnocdS5cpwXQXVzmmh5e5+saE2QGoeQmbKmRS6J3VQppPOIt0MnmE+4xlZoumy0GPG0D0MVIQbNA1A==

make-error@^1.1.1:
  version "1.3.6"
  resolved "https://registry.yarnpkg.com/make-error/-/make-error-1.3.6.tgz#2eb2e37ea9b67c4891f684a1394799af484cf7a2"
  integrity sha512-s8UhlNe7vPKomQhC1qFelMokr/Sc3AgNbso3n74mVPA5LTZwkB9NlXf4XPamLxJE8h0gh73rM94xvwRT2CVInw==

minimalistic-assert@^1.0.0, minimalistic-assert@^1.0.1:
  version "1.0.1"
  resolved "https://registry.yarnpkg.com/minimalistic-assert/-/minimalistic-assert-1.0.1.tgz#2e194de044626d4a10e7f7fbc00ce73e83e4d5c7"
  integrity sha512-UtJcAD4yEaGtjPezWuO9wC4nwUnVH/8/Im3yEHQP4b67cXlD/Qr9hdITCU1xDbSEXg2XKNaP8jsReV7vQd00/A==

minimalistic-crypto-utils@^1.0.0, minimalistic-crypto-utils@^1.0.1:
  version "1.0.1"
  resolved "https://registry.yarnpkg.com/minimalistic-crypto-utils/-/minimalistic-crypto-utils-1.0.1.tgz#f6c00c1c0b082246e5c4d99dfb8c7c083b2b582a"
  integrity sha1-9sAMHAsIIkblxNmd+4x8CDsrWCo=

minimatch@^3.0.4:
  version "3.0.4"
  resolved "https://registry.yarnpkg.com/minimatch/-/minimatch-3.0.4.tgz#5166e286457f03306064be5497e8dbb0c3d32083"
  integrity sha512-yJHVQEhyqPLUTgt9B83PXu6W3rx4MvvHvSUvToogpwoGDOUQ+yDrR0HRot+yOCdCO7u4hX3pWft6kWBBcqh0UA==
  dependencies:
    brace-expansion "^1.1.7"

minimist@^1.2.5:
  version "1.2.5"
  resolved "https://registry.yarnpkg.com/minimist/-/minimist-1.2.5.tgz#67d66014b66a6a8aaa0c083c5fd58df4e4e97602"
  integrity sha512-FM9nNUYrRBAELZQT3xeZQ7fmMOBg6nWNmJKTcgsJeaLstP/UODVpGsr5OhXhhXg6f+qtJ8uiZ+PUxkDWcgIXLw==

mkdirp@^0.5.1:
  version "0.5.5"
  resolved "https://registry.yarnpkg.com/mkdirp/-/mkdirp-0.5.5.tgz#d91cefd62d1436ca0f41620e251288d420099def"
  integrity sha512-NKmAlESf6jMGym1++R0Ra7wvhV+wFW63FaSOFPwRahvea0gMUcGUhVeAg/0BC0wiv9ih5NYPB1Wn1UEI1/L+xQ==
  dependencies:
    minimist "^1.2.5"

ms@^2.1.1:
  version "2.1.2"
  resolved "https://registry.yarnpkg.com/ms/-/ms-2.1.2.tgz#d09d1f357b443f493382a8eb3ccd183872ae6009"
  integrity sha512-sGkPx+VjMtmA6MX27oA4FBFELFCZZ4S4XqeGOXCv68tT+jb3vk/RyaKWP0PTKyWtmLSM0b+adUTEvbs1PEaH2w==

once@^1.3.0:
  version "1.4.0"
  resolved "https://registry.yarnpkg.com/once/-/once-1.4.0.tgz#583b1aa775961d4b113ac17d9c50baef9dd76bd1"
  integrity sha1-WDsap3WWHUsROsF9nFC6753Xa9E=
  dependencies:
    wrappy "1"

path-is-absolute@^1.0.0:
  version "1.0.1"
  resolved "https://registry.yarnpkg.com/path-is-absolute/-/path-is-absolute-1.0.1.tgz#174b9268735534ffbc7ace6bf53a5a9e1b5c5f5f"
  integrity sha1-F0uSaHNVNP+8es5r9TpanhtcX18=

path-parse@^1.0.6:
  version "1.0.6"
  resolved "https://registry.yarnpkg.com/path-parse/-/path-parse-1.0.6.tgz#d62dbb5679405d72c4737ec58600e9ddcf06d24c"
  integrity sha512-GSmOT2EbHrINBf9SR7CDELwlJ8AENk3Qn7OikK4nFYAu3Ote2+JYNVvkpAEQm3/TLNEJFD/xZJjzyxg3KBWOzw==

prettier@^2.1.2:
  version "2.1.2"
  resolved "https://registry.yarnpkg.com/prettier/-/prettier-2.1.2.tgz#3050700dae2e4c8b67c4c3f666cdb8af405e1ce5"
  integrity sha512-16c7K+x4qVlJg9rEbXl7HEGmQyZlG4R9AgP+oHKRMsMsuk8s+ATStlf1NpDqyBI1HpVyfjLOeMhH2LvuNvV5Vg==

resolve@^1.8.1:
  version "1.15.1"
  resolved "https://registry.yarnpkg.com/resolve/-/resolve-1.15.1.tgz#27bdcdeffeaf2d6244b95bb0f9f4b4653451f3e8"
  integrity sha512-84oo6ZTtoTUpjgNEr5SJyzQhzL72gaRodsSfyxC/AXRvwu0Yse9H8eF9IpGo7b8YetZhlI6v7ZQ6bKBFV/6S7w==
  dependencies:
    path-parse "^1.0.6"

scrypt-js@3.0.1:
  version "3.0.1"
  resolved "https://registry.yarnpkg.com/scrypt-js/-/scrypt-js-3.0.1.tgz#d314a57c2aef69d1ad98a138a21fe9eafa9ee312"
  integrity sha512-cdwTTnqPu0Hyvf5in5asVdZocVDTNRmR7XEcJuIzMjJeSHybHl7vpB66AzwTaIg6CLSbtjcxc8fqcySfnTkccA==

source-map-support@^0.5.17:
  version "0.5.19"
  resolved "https://registry.yarnpkg.com/source-map-support/-/source-map-support-0.5.19.tgz#a98b62f86dcaf4f67399648c085291ab9e8fed61"
  integrity sha512-Wonm7zOCIJzBGQdB+thsPar0kYuCIzYvxZwlBa87yi/Mdjv7Tip2cyVbLj5o0cFPN4EVkuTwb3GDDyUx2DGnGw==
  dependencies:
    buffer-from "^1.0.0"
    source-map "^0.6.0"

source-map@^0.6.0:
  version "0.6.1"
  resolved "https://registry.yarnpkg.com/source-map/-/source-map-0.6.1.tgz#74722af32e9614e9c287a8d0bbde48b5e2f1a263"
  integrity sha512-UjgapumWlbMhkBgzT7Ykc5YXUT46F0iKu8SGXq0bcwP5dz/h0Plj6enJqjz1Zbq2l5WaqYnrVbwWOWMyF3F47g==

supports-color@^5.3.0:
  version "5.5.0"
  resolved "https://registry.yarnpkg.com/supports-color/-/supports-color-5.5.0.tgz#e2e69a44ac8772f78a1ec0b35b689df6530efc8f"
  integrity sha512-QjVjwdXIt408MIiAqCX4oUKsgU2EqAGzs2Ppkm4aQYbjm+ZEWEcW4SfFNTr4uMNZma0ey4f5lgLrkB0aX0QMow==
  dependencies:
    has-flag "^3.0.0"

test-value@^2.1.0:
  version "2.1.0"
  resolved "https://registry.yarnpkg.com/test-value/-/test-value-2.1.0.tgz#11da6ff670f3471a73b625ca4f3fdcf7bb748291"
  integrity sha1-Edpv9nDzRxpztiXKTz/c97t0gpE=
  dependencies:
    array-back "^1.0.3"
    typical "^2.6.0"

ts-essentials@^1.0.0:
  version "1.0.4"
  resolved "https://registry.yarnpkg.com/ts-essentials/-/ts-essentials-1.0.4.tgz#ce3b5dade5f5d97cf69889c11bf7d2da8555b15a"
  integrity sha512-q3N1xS4vZpRouhYHDPwO0bDW3EZ6SK9CrrDHxi/D6BPReSjpVgWIOpLS2o0gSBZm+7q/wyKp6RVM1AeeW7uyfQ==

ts-essentials@^6.0.3:
  version "6.0.4"
  resolved "https://registry.yarnpkg.com/ts-essentials/-/ts-essentials-6.0.4.tgz#d36055bf0a7620b1338da6aafd2268787e208aab"
  integrity sha512-ZtU9zgSnn8DcAxDZY1DJF8rnxsen8M0IVkO7dVB5fTEOVs7o/0RA4V6i99PIg99bpX81Sgb0FCLjQqD5Ufz3rQ==

ts-generator@^0.1.1:
  version "0.1.1"
  resolved "https://registry.yarnpkg.com/ts-generator/-/ts-generator-0.1.1.tgz#af46f2fb88a6db1f9785977e9590e7bcd79220ab"
  integrity sha512-N+ahhZxTLYu1HNTQetwWcx3so8hcYbkKBHTr4b4/YgObFTIKkOSSsaa+nal12w8mfrJAyzJfETXawbNjSfP2gQ==
  dependencies:
    "@types/mkdirp" "^0.5.2"
    "@types/prettier" "^2.1.1"
    "@types/resolve" "^0.0.8"
    chalk "^2.4.1"
    glob "^7.1.2"
    mkdirp "^0.5.1"
    prettier "^2.1.2"
    resolve "^1.8.1"
    ts-essentials "^1.0.0"

ts-node@^9.0.0:
  version "9.0.0"
  resolved "https://registry.yarnpkg.com/ts-node/-/ts-node-9.0.0.tgz#e7699d2a110cc8c0d3b831715e417688683460b3"
  integrity sha512-/TqB4SnererCDR/vb4S/QvSZvzQMJN8daAslg7MeaiHvD8rDZsSfXmNeNumyZZzMned72Xoq/isQljYSt8Ynfg==
  dependencies:
    arg "^4.1.0"
    diff "^4.0.1"
    make-error "^1.1.1"
    source-map-support "^0.5.17"
    yn "3.1.1"

typechain@^4.0.0:
  version "4.0.0"
  resolved "https://registry.yarnpkg.com/typechain/-/typechain-4.0.0.tgz#8a81fe40c4020b370f0c4671b7f966134d20c58c"
  integrity sha512-XQUojf02bXyxXNGI0WeCphnh++5eWr9wYH8jm0XqHNv8yENpFrRyX8ffVlkhCnDOOB/jEJJVQytLAOU+Qn0N9Q==
  dependencies:
    command-line-args "^4.0.7"
    debug "^4.1.1"
    fs-extra "^7.0.0"
    js-sha3 "^0.8.0"
    lodash "^4.17.15"
    ts-essentials "^6.0.3"
    ts-generator "^0.1.1"

typescript@^4.0.5:
  version "4.0.5"
  resolved "https://registry.yarnpkg.com/typescript/-/typescript-4.0.5.tgz#ae9dddfd1069f1cb5beb3ef3b2170dd7c1332389"
  integrity sha512-ywmr/VrTVCmNTJ6iV2LwIrfG1P+lv6luD8sUJs+2eI9NLGigaN+nUQc13iHqisq7bra9lnmUSYqbJvegraBOPQ==

typical@^2.6.0, typical@^2.6.1:
  version "2.6.1"
  resolved "https://registry.yarnpkg.com/typical/-/typical-2.6.1.tgz#5c080e5d661cbbe38259d2e70a3c7253e873881d"
  integrity sha1-XAgOXWYcu+OCWdLnCjxyU+hziB0=

universalify@^0.1.0:
  version "0.1.2"
  resolved "https://registry.yarnpkg.com/universalify/-/universalify-0.1.2.tgz#b646f69be3942dabcecc9d6639c80dc105efaa66"
  integrity sha512-rBJeI5CXAlmy1pV+617WB9J63U6XcazHHF2f2dbJix4XzpUF0RS3Zbj0FGIOCAva5P/d/GBOYaACQ1w+0azUkg==

wrappy@1:
  version "1.0.2"
  resolved "https://registry.yarnpkg.com/wrappy/-/wrappy-1.0.2.tgz#b5243d8f3ec1aa35f1364605bc0d1036e30ab69f"
  integrity sha1-tSQ9jz7BqjXxNkYFvA0QNuMKtp8=

ws@7.2.3:
  version "7.2.3"
  resolved "https://registry.yarnpkg.com/ws/-/ws-7.2.3.tgz#a5411e1fb04d5ed0efee76d26d5c46d830c39b46"
  integrity sha512-HTDl9G9hbkNDk98naoR/cHDws7+EyYMOdL1BmjsZXRUjf7d+MficC4B7HLUPlSiho0vg+CWKrGIt/VJBd1xunQ==

yn@3.1.1:
  version "3.1.1"
  resolved "https://registry.yarnpkg.com/yn/-/yn-3.1.1.tgz#1e87401a09d767c1d5eab26a6e4c185182d2eb50"
  integrity sha512-Ux4ygGWsu2c7isFWe8Yu1YluJmqVhxqK2cLXNQA5AcC3QfbGNpM7fu0Y8b/z16pXLnFxZYvWhd3fhBY9DLmC6Q==
