{
  "name": "test-utils",
  "version": "1.0.0",
  "lockfileVersion": 2,
  "requires": true,
  "packages": {
    "": {
      "name": "test-utils",
      "version": "1.0.0",
      "license": "MIT",
      "dependencies": {
        "@types/retry-as-promised": "^2.3.3",
        "bignumber.js": "9.0.1",
        "conditional-type-checks": "^1.0.5",
        "retry-as-promised": "^5.0.0",
        "ts-essentials": "^7.0.1"
      },
      "devDependencies": {
        "@types/glob": "^7.2.0",
        "@types/lodash": "^4.14.182"
      }
    },
    "../../node_modules/.pnpm/@types+retry-as-promised@2.3.3/node_modules/@types/retry-as-promised": {
      "version": "2.3.3",
      "license": "MIT",
      "dependencies": {
        "@types/bluebird": "*"
      }
    },
    "../../node_modules/.pnpm/bignumber.js@9.0.1/node_modules/bignumber.js": {
      "version": "9.0.1",
      "license": "MIT",
      "engines": {
        "node": "*"
      }
    },
    "../../node_modules/.pnpm/conditional-type-checks@1.0.5/node_modules/conditional-type-checks": {
      "version": "1.0.5",
      "license": "MIT",
      "devDependencies": {
        "typescript": "^3.6.3"
      }
    },
    "../../node_modules/.pnpm/retry-as-promised@5.0.0/node_modules/retry-as-promised": {
      "version": "5.0.0",
      "license": "MIT",
      "devDependencies": {
        "chai": "^4.2.0",
        "chai-as-promised": "^7.1.1",
        "cross-env": "^5.2.0",
        "mocha": "^9.1.3",
        "moment": "^2.10.6",
        "sinon": "^7.0.0",
        "sinon-chai": "^3.2.0"
      }
    },
    "../../node_modules/.pnpm/ts-essentials@7.0.3/node_modules/ts-essentials": {
      "version": "7.0.3",
      "license": "MIT",
      "devDependencies": {
        "@changesets/cli": "^2.11.2",
        "@codechecks/build-size-watcher": "^0.1.0",
        "@codechecks/client": "^0.1.11",
        "conditional-type-checks": "^1.0.4",
        "prettier": "^1.19.1",
        "rimraf": "^3.0.2",
        "typescript": "^3.7.2"
      },
      "peerDependencies": {
        "typescript": ">=3.7.0"
      }
    },
    "node_modules/@types/glob": {
      "version": "7.2.0",
      "resolved": "https://registry.npmjs.org/@types/glob/-/glob-7.2.0.tgz",
      "integrity": "sha512-ZUxbzKl0IfJILTS6t7ip5fQQM/J3TJYubDm3nMbgubNNYS62eXeUpoLUC8/7fJNiFYHTrGPQn7hspDUzIHX3UA==",
      "dev": true,
      "dependencies": {
        "@types/minimatch": "*",
        "@types/node": "*"
      }
    },
    "node_modules/@types/lodash": {
      "version": "4.14.182",
      "resolved": "https://registry.npmjs.org/@types/lodash/-/lodash-4.14.182.tgz",
      "integrity": "sha512-/THyiqyQAP9AfARo4pF+aCGcyiQ94tX/Is2I7HofNRqoYLgN1PBoOWu2/zTA5zMxzP5EFutMtWtGAFRKUe961Q==",
      "dev": true
    },
    "node_modules/@types/minimatch": {
      "version": "3.0.5",
      "resolved": "https://registry.npmjs.org/@types/minimatch/-/minimatch-3.0.5.tgz",
      "integrity": "sha512-Klz949h02Gz2uZCMGwDUSDS1YBlTdDDgbWHi+81l29tQALUtvz4rAYi5uoVhE5Lagoq6DeqAUlbrHvW/mXDgdQ==",
      "dev": true
    },
    "node_modules/@types/node": {
      "version": "17.0.25",
      "resolved": "https://registry.npmjs.org/@types/node/-/node-17.0.25.tgz",
      "integrity": "sha512-wANk6fBrUwdpY4isjWrKTufkrXdu1D2YHCot2fD/DfWxF5sMrVSA+KN7ydckvaTCh0HiqX9IVl0L5/ZoXg5M7w==",
      "dev": true
    },
    "node_modules/@types/retry-as-promised": {
      "resolved": "../../node_modules/.pnpm/@types+retry-as-promised@2.3.3/node_modules/@types/retry-as-promised",
      "link": true
    },
    "node_modules/bignumber.js": {
      "resolved": "../../node_modules/.pnpm/bignumber.js@9.0.1/node_modules/bignumber.js",
      "link": true
    },
    "node_modules/conditional-type-checks": {
      "resolved": "../../node_modules/.pnpm/conditional-type-checks@1.0.5/node_modules/conditional-type-checks",
      "link": true
    },
    "node_modules/retry-as-promised": {
      "resolved": "../../node_modules/.pnpm/retry-as-promised@5.0.0/node_modules/retry-as-promised",
      "link": true
    },
    "node_modules/ts-essentials": {
      "resolved": "../../node_modules/.pnpm/ts-essentials@7.0.3/node_modules/ts-essentials",
      "link": true
    }
  },
  "dependencies": {
    "@types/glob": {
      "version": "7.2.0",
      "resolved": "https://registry.npmjs.org/@types/glob/-/glob-7.2.0.tgz",
      "integrity": "sha512-ZUxbzKl0IfJILTS6t7ip5fQQM/J3TJYubDm3nMbgubNNYS62eXeUpoLUC8/7fJNiFYHTrGPQn7hspDUzIHX3UA==",
      "dev": true,
      "requires": {
        "@types/minimatch": "*",
        "@types/node": "*"
      }
    },
    "@types/lodash": {
      "version": "4.14.182",
      "resolved": "https://registry.npmjs.org/@types/lodash/-/lodash-4.14.182.tgz",
      "integrity": "sha512-/THyiqyQAP9AfARo4pF+aCGcyiQ94tX/Is2I7HofNRqoYLgN1PBoOWu2/zTA5zMxzP5EFutMtWtGAFRKUe961Q==",
      "dev": true
    },
    "@types/minimatch": {
      "version": "3.0.5",
      "resolved": "https://registry.npmjs.org/@types/minimatch/-/minimatch-3.0.5.tgz",
      "integrity": "sha512-Klz949h02Gz2uZCMGwDUSDS1YBlTdDDgbWHi+81l29tQALUtvz4rAYi5uoVhE5Lagoq6DeqAUlbrHvW/mXDgdQ==",
      "dev": true
    },
    "@types/node": {
      "version": "17.0.25",
      "resolved": "https://registry.npmjs.org/@types/node/-/node-17.0.25.tgz",
      "integrity": "sha512-wANk6fBrUwdpY4isjWrKTufkrXdu1D2YHCot2fD/DfWxF5sMrVSA+KN7ydckvaTCh0HiqX9IVl0L5/ZoXg5M7w==",
      "dev": true
    },
    "@types/retry-as-promised": {
      "version": "file:../../node_modules/.pnpm/@types+retry-as-promised@2.3.3/node_modules/@types/retry-as-promised",
      "requires": {
        "@types/bluebird": "*"
      }
    },
    "bignumber.js": {
      "version": "file:../../node_modules/.pnpm/bignumber.js@9.0.1/node_modules/bignumber.js"
    },
    "conditional-type-checks": {
      "version": "file:../../node_modules/.pnpm/conditional-type-checks@1.0.5/node_modules/conditional-type-checks",
      "requires": {
        "typescript": "^3.6.3"
      }
    },
    "retry-as-promised": {
      "version": "file:../../node_modules/.pnpm/retry-as-promised@5.0.0/node_modules/retry-as-promised",
      "requires": {
        "chai": "^4.2.0",
        "chai-as-promised": "^7.1.1",
        "cross-env": "^5.2.0",
        "mocha": "^9.1.3",
        "moment": "^2.10.6",
        "sinon": "^7.0.0",
        "sinon-chai": "^3.2.0"
      }
    },
    "ts-essentials": {
      "version": "file:../../node_modules/.pnpm/ts-essentials@7.0.3/node_modules/ts-essentials",
      "requires": {
        "@changesets/cli": "^2.11.2",
        "@codechecks/build-size-watcher": "^0.1.0",
        "@codechecks/client": "^0.1.11",
        "conditional-type-checks": "^1.0.4",
        "prettier": "^1.19.1",
        "rimraf": "^3.0.2",
        "typescript": "^3.7.2"
      }
    }
  }
}
